%{
  "jason": {:hex, :jason, "1.1.2", "b03dedea67a99223a2eaf9f1264ce37154564de899fd3d8b9a21b1a6fd64afe7", [:mix], [{:decimal, "~> 1.0", [hex: :decimal, repo: "hexpm", optional: true]}], "hexpm", "fdf843bca858203ae1de16da2ee206f53416bbda5dc8c9e78f43243de4bc3afe"},
  "nimble_parsec": {:hex, :nimble_parsec, "1.0.0", "54840f7a89aa3443c9280056742c329259d02787ef1da651f8591706518ceec6", [:mix], [], "hexpm", "6611313377408b6f19d4eddb1a53a342c70e336a21e9d09c38a9230775f1150d"},
}
